
Microsoft Visual Studio Solution File, Format Version 12.00
# Visual Studio 14
VisualStudioVersion = 14.0.23107.0
MinimumVisualStudioVersion = 10.0.40219.1
Project("{F14B399A-7131-4C87-9E4B-1186C45EF12D}") = "Report Project1", "Report Project1\Report Project1.rptproj", "{326062D3-DA7D-41FF-8241-8B664FA54445}"
EndProject
Global
	GlobalSection(SubversionScc) = preSolution
		Svn-Managed = True
		Manager = AnkhSVN - Subversion Support for Visual Studio
	EndGlobalSection
	GlobalSection(SolutionConfigurationPlatforms) = preSolution
		Debug|Default = Debug|Default
		DebugLocal|Default = DebugLocal|Default
		Release|Default = Release|Default
	EndGlobalSection
	GlobalSection(ProjectConfigurationPlatforms) = postSolution
		{326062D3-DA7D-41FF-8241-8B664FA54445}.Debug|Default.ActiveCfg = Debug
		{326062D3-DA7D-41FF-8241-8B664FA54445}.Debug|Default.Build.0 = Debug
		{326062D3-DA7D-41FF-8241-8B664FA54445}.Debug|Default.Deploy.0 = Debug
		{326062D3-DA7D-41FF-8241-8B664FA54445}.DebugLocal|Default.ActiveCfg = DebugLocal
		{326062D3-DA7D-41FF-8241-8B664FA54445}.DebugLocal|Default.Build.0 = DebugLocal
		{326062D3-DA7D-41FF-8241-8B664FA54445}.Release|Default.ActiveCfg = Release
		{326062D3-DA7D-41FF-8241-8B664FA54445}.Release|Default.Build.0 = Release
		{326062D3-DA7D-41FF-8241-8B664FA54445}.Release|Default.Deploy.0 = Release
	EndGlobalSection
	GlobalSection(SolutionProperties) = preSolution
		HideSolutionNode = FALSE
	EndGlobalSection
EndGlobal
